// !$*UTF8*$!
{
	archiveVersion = 1;
	classes = {
	};
	objectVersion = 77;
	objects = {

/* Begin PBXContainerItemProxy section */
		133C9BAC2EF3510800B9FF85 /* PBXContainerItemProxy */ = {
			isa = PBXContainerItemProxy;
			containerPortal = 133C9B952EF3510700B9FF85 /* Project object */;
			proxyType = 1;
			remoteGlobalIDString = 133C9B9C2EF3510700B9FF85;
			remoteInfo = AppNetworkMonitor;
		};
		133C9BB62EF3510800B9FF85 /* PBXContainerItemProxy */ = {
			isa = PBXContainerItemProxy;
			containerPortal = 133C9B952EF3510700B9FF85 /* Project object */;
			proxyType = 1;
			remoteGlobalIDString = 133C9B9C2EF3510700B9FF85;
			remoteInfo = AppNetworkMonitor;
		};
/* End PBXContainerItemProxy section */

/* Begin PBXFileReference section */
		133C9B9D2EF3510700B9FF85 /* AppNetworkMonitor.app */ = {isa = PBXFileReference; explicitFileType = wrapper.application; includeInIndex = 0; path = AppNetworkMonitor.app; sourceTree = BUILT_PRODUCTS_DIR; };
		133C9BAB2EF3510800B9FF85 /* AppNetworkMonitorTests.xctest */ = {isa = PBXFileReference; explicitFileType = wrapper.cfbundle; includeInIndex = 0; path = AppNetworkMonitorTests.xctest; sourceTree = BUILT_PRODUCTS_DIR; };
		133C9BB52EF3510800B9FF85 /* AppNetworkMonitorUITests.xctest */ = {isa = PBXFileReference; explicitFileType = wrapper.cfbundle; includeInIndex = 0; path = AppNetworkMonitorUITests.xctest; sourceTree = BUILT_PRODUCTS_DIR; };
/* End PBXFileReference section */

/* Begin PBXFileSystemSynchronizedRootGroup section */
		133C9B9F2EF3510700B9FF85 /* AppNetworkMonitor */ = {
			isa = PBXFileSystemSynchronizedRootGroup;
			path = AppNetworkMonitor;
			sourceTree = "<group>";
		};
		133C9BAE2EF3510800B9FF85 /* AppNetworkMonitorTests */ = {
			isa = PBXFileSystemSynchronizedRootGroup;
			path = AppNetworkMonitorTests;
			sourceTree = "<group>";
		};
		133C9BB82EF3510800B9FF85 /* AppNetworkMonitorUITests */ = {
			isa = PBXFileSystemSynchronizedRootGroup;
			path = AppNetworkMonitorUITests;
			sourceTree = "<group>";
		};
/* End PBXFileSystemSynchronizedRootGroup section */

/* Begin PBXFrameworksBuildPhase section */
		133C9B9A2EF3510700B9FF85 /* Frameworks */ = {
			isa = PBXFrameworksBuildPhase;
			buildActionMask = 2147483647;
			files = (
			);
			runOnlyForDeploymentPostprocessing = 0;
		};
		133C9BA82EF3510800B9FF85 /* Frameworks */ = {
			isa = PBXFrameworksBuildPhase;
			buildActionMask = 2147483647;
			files = (
			);
			runOnlyForDeploymentPostprocessing = 0;
		};
		133C9BB22EF3510800B9FF85 /* Frameworks */ = {
			isa = PBXFrameworksBuildPhase;
			buildActionMask = 2147483647;
			files = (
			);
			runOnlyForDeploymentPostprocessing = 0;
		};
/* End PBXFrameworksBuildPhase section */

/* Begin PBXGroup section */
		133C9B942EF3510700B9FF85 = {
			isa = PBXGroup;
			children = (
				133C9B9F2EF3510700B9FF85 /* AppNetworkMonitor */,
				133C9BAE2EF3510800B9FF85 /* AppNetworkMonitorTests */,
				133C9BB82EF3510800B9FF85 /* AppNetworkMonitorUITests */,
				133C9B9E2EF3510700B9FF85 /* Products */,
			);
			sourceTree = "<group>";
		};
		133C9B9E2EF3510700B9FF85 /* Products */ = {
			isa = PBXGroup;
			children = (
				133C9B9D2EF3510700B9FF85 /* AppNetworkMonitor.app */,
				133C9BAB2EF3510800B9FF85 /* AppNetworkMonitorTests.xctest */,
				133C9BB52EF3510800B9FF85 /* AppNetworkMonitorUITests.xctest */,
			);
			name = Products;
			sourceTree = "<group>";
		};
/* End PBXGroup section */

/* Begin PBXNativeTarget section */
		133C9B9C2EF3510700B9FF85 /* AppNetworkMonitor */ = {
			isa = PBXNativeTarget;
			buildConfigurationList = 133C9BBF2EF3510800B9FF85 /* Build configuration list for PBXNativeTarget "AppNetworkMonitor" */;
			buildPhases = (
				133C9B992EF3510700B9FF85 /* Sources */,
				133C9B9A2EF3510700B9FF85 /* Frameworks */,
				133C9B9B2EF3510700B9FF85 /* Resources */,
			);
			buildRules = (
			);
			dependencies = (
			);
			fileSystemSynchronizedGroups = (
				133C9B9F2EF3510700B9FF85 /* AppNetworkMonitor */,
			);
			name = AppNetworkMonitor;
			packageProductDependencies = (
			);
			productName = AppNetworkMonitor;
			productReference = 133C9B9D2EF3510700B9FF85 /* AppNetworkMonitor.app */;
			productType = "com.apple.product-type.application";
		};
		133C9BAA2EF3510800B9FF85 /* AppNetworkMonitorTests */ = {
			isa = PBXNativeTarget;
			buildConfigurationList = 133C9BC22EF3510800B9FF85 /* Build configuration list for PBXNativeTarget "AppNetworkMonitorTests" */;
			buildPhases = (
				133C9BA72EF3510800B9FF85 /* Sources */,
				133C9BA82EF3510800B9FF85 /* Frameworks */,
				133C9BA92EF3510800B9FF85 /* Resources */,
			);
			buildRules = (
			);
			dependencies = (
				133C9BAD2EF3510800B9FF85 /* PBXTargetDependency */,
			);
			fileSystemSynchronizedGroups = (
				133C9BAE2EF3510800B9FF85 /* AppNetworkMonitorTests */,
			);
			name = AppNetworkMonitorTests;
			packageProductDependencies = (
			);
			productName = AppNetworkMonitorTests;
			productReference = 133C9BAB2EF3510800B9FF85 /* AppNetworkMonitorTests.xctest */;
			productType = "com.apple.product-type.bundle.unit-test";
		};
		133C9BB42EF3510800B9FF85 /* AppNetworkMonitorUITests */ = {
			isa = PBXNativeTarget;
			buildConfigurationList = 133C9BC52EF3510800B9FF85 /* Build configuration list for PBXNativeTarget "AppNetworkMonitorUITests" */;
			buildPhases = (
				133C9BB12EF3510800B9FF85 /* Sources */,
				133C9BB22EF3510800B9FF85 /* Frameworks */,
				133C9BB32EF3510800B9FF85 /* Resources */,
			);
			buildRules = (
			);
			dependencies = (
				133C9BB72EF3510800B9FF85 /* PBXTargetDependency */,
			);
			fileSystemSynchronizedGroups = (
				133C9BB82EF3510800B9FF85 /* AppNetworkMonitorUITests */,
			);
			name = AppNetworkMonitorUITests;
			packageProductDependencies = (
			);
			productName = AppNetworkMonitorUITests;
			productReference = 133C9BB52EF3510800B9FF85 /* AppNetworkMonitorUITests.xctest */;
			productType = "com.apple.product-type.bundle.ui-testing";
		};
/* End PBXNativeTarget section */

/* Begin PBXProject section */
		133C9B952EF3510700B9FF85 /* Project object */ = {
			isa = PBXProject;
			attributes = {
				BuildIndependentTargetsInParallel = 1;
				LastSwiftUpdateCheck = 1640;
				LastUpgradeCheck = 1640;
				TargetAttributes = {
					133C9B9C2EF3510700B9FF85 = {
						CreatedOnToolsVersion = 16.4;
					};
					133C9BAA2EF3510800B9FF85 = {
						CreatedOnToolsVersion = 16.4;
						TestTargetID = 133C9B9C2EF3510700B9FF85;
					};
					133C9BB42EF3510800B9FF85 = {
						CreatedOnToolsVersion = 16.4;
						TestTargetID = 133C9B9C2EF3510700B9FF85;
					};
				};
			};
			buildConfigurationList = 133C9B982EF3510700B9FF85 /* Build configuration list for PBXProject "AppNetworkMonitor" */;
			developmentRegion = en;
			hasScannedForEncodings = 0;
			knownRegions = (
				en,
				Base,
			);
			mainGroup = 133C9B942EF3510700B9FF85;
			minimizedProjectReferenceProxies = 1;
			preferredProjectObjectVersion = 77;
			productRefGroup = 133C9B9E2EF3510700B9FF85 /* Products */;
			projectDirPath = "";
			projectRoot = "";
			targets = (
				133C9B9C2EF3510700B9FF85 /* AppNetworkMonitor */,
				133C9BAA2EF3510800B9FF85 /* AppNetworkMonitorTests */,
				133C9BB42EF3510800B9FF85 /* AppNetworkMonitorUITests */,
			);
		};
/* End PBXProject section */

/* Begin PBXResourcesBuildPhase section */
		133C9B9B2EF3510700B9FF85 /* Resources */ = {
			isa = PBXResourcesBuildPhase;
			buildActionMask = 2147483647;
			files = (
			);
			runOnlyForDeploymentPostprocessing = 0;
		};
		133C9BA92EF3510800B9FF85 /* Resources */ = {
			isa = PBXResourcesBuildPhase;
			buildActionMask = 2147483647;
			files = (
			);
			runOnlyForDeploymentPostprocessing = 0;
		};
		133C9BB32EF3510800B9FF85 /* Resources */ = {
			isa = PBXResourcesBuildPhase;
			buildActionMask = 2147483647;
			files = (
			);
			runOnlyForDeploymentPostprocessing = 0;
		};
/* End PBXResourcesBuildPhase section */

/* Begin PBXSourcesBuildPhase section */
		133C9B992EF3510700B9FF85 /* Sources */ = {
			isa = PBXSourcesBuildPhase;
			buildActionMask = 2147483647;
			files = (
			);
			runOnlyForDeploymentPostprocessing = 0;
		};
		133C9BA72EF3510800B9FF85 /* Sources */ = {
			isa = PBXSourcesBuildPhase;
			buildActionMask = 2147483647;
			files = (
			);
			runOnlyForDeploymentPostprocessing = 0;
		};
		133C9BB12EF3510800B9FF85 /* Sources */ = {
			isa = PBXSourcesBuildPhase;
			buildActionMask = 2147483647;
			files = (
			);
			runOnlyForDeploymentPostprocessing = 0;
		};
/* End PBXSourcesBuildPhase section */

/* Begin PBXTargetDependency section */
		133C9BAD2EF3510800B9FF85 /* PBXTargetDependency */ = {
			isa = PBXTargetDependency;
			target = 133C9B9C2EF3510700B9FF85 /* AppNetworkMonitor */;
			targetProxy = 133C9BAC2EF3510800B9FF85 /* PBXContainerItemProxy */;
		};
		133C9BB72EF3510800B9FF85 /* PBXTargetDependency */ = {
			isa = PBXTargetDependency;
			target = 133C9B9C2EF3510700B9FF85 /* AppNetworkMonitor */;
			targetProxy = 133C9BB62EF3510800B9FF85 /* PBXContainerItemProxy */;
		};
/* End PBXTargetDependency section */

/* Begin XCBuildConfiguration section */
		133C9BBD2EF3510800B9FF85 /* Debug */ = {
			isa = XCBuildConfiguration;
			buildSettings = {
				ALWAYS_SEARCH_USER_PATHS = NO;
				ASSETCATALOG_COMPILER_GENERATE_SWIFT_ASSET_SYMBOL_EXTENSIONS = YES;
				CLANG_ANALYZER_NONNULL = YES;
				CLANG_ANALYZER_NUMBER_OBJECT_CONVERSION = YES_AGGRESSIVE;
				CLANG_CXX_LANGUAGE_STANDARD = "gnu++20";
				CLANG_ENABLE_MODULES = YES;
				CLANG_ENABLE_OBJC_ARC = YES;
				CLANG_ENABLE_OBJC_WEAK = YES;
				CLANG_WARN_BLOCK_CAPTURE_AUTORELEASING = YES;
				CLANG_WARN_BOOL_CONVERSION = YES;
				CLANG_WARN_COMMA = YES;
				CLANG_WARN_CONSTANT_CONVERSION = YES;
				CLANG_WARN_DEPRECATED_OBJC_IMPLEMENTATIONS = YES;
				CLANG_WARN_DIRECT_OBJC_ISA_USAGE = YES_ERROR;
				CLANG_WARN_DOCUMENTATION_COMMENTS = YES;
				CLANG_WARN_EMPTY_BODY = YES;
				CLANG_WARN_ENUM_CONVERSION = YES;
				CLANG_WARN_INFINITE_RECURSION = YES;
				CLANG_WARN_INT_CONVERSION = YES;
				CLANG_WARN_NON_LITERAL_NULL_CONVERSION = YES;
				CLANG_WARN_OBJC_IMPLICIT_RETAIN_SELF = YES;
				CLANG_WARN_OBJC_LITERAL_CONVERSION = YES;
				CLANG_WARN_OBJC_ROOT_CLASS = YES_ERROR;
				CLANG_WARN_QUOTED_INCLUDE_IN_FRAMEWORK_HEADER = YES;
				CLANG_WARN_RANGE_LOOP_ANALYSIS = YES;
				CLANG_WARN_STRICT_PROTOTYPES = YES;
				CLANG_WARN_SUSPICIOUS_MOVE = YES;
				CLANG_WARN_UNGUARDED_AVAILABILITY = YES_AGGRESSIVE;
				CLANG_WARN_UNREACHABLE_CODE = YES;
				CLANG_WARN__DUPLICATE_METHOD_MATCH = YES;
				COPY_PHASE_STRIP = NO;
				DEBUG_INFORMATION_FORMAT = dwarf;
				ENABLE_STRICT_OBJC_MSGSEND = YES;
				ENABLE_TESTABILITY = YES;
				ENABLE_USER_SCRIPT_SANDBOXING = YES;
				GCC_C_LANGUAGE_STANDARD = gnu17;
				GCC_DYNAMIC_NO_PIC = NO;
				GCC_NO_COMMON_BLOCKS = YES;
				GCC_OPTIMIZATION_LEVEL = 0;
				GCC_PREPROCESSOR_DEFINITIONS = (
					"DEBUG=1",
					"$(inherited)",
				);
				GCC_WARN_64_TO_32_BIT_CONVERSION = YES;
				GCC_WARN_ABOUT_RETURN_TYPE = YES_ERROR;
				GCC_WARN_UNDECLARED_SELECTOR = YES;
				GCC_WARN_UNINITIALIZED_AUTOS = YES_AGGRESSIVE;
				GCC_WARN_UNUSED_FUNCTION = YES;
				GCC_WARN_UNUSED_VARIABLE = YES;
				LOCALIZATION_PREFERS_STRING_CATALOGS = YES;
				MACOSX_DEPLOYMENT_TARGET = 15.5;
				MTL_ENABLE_DEBUG_INFO = INCLUDE_SOURCE;
				MTL_FAST_MATH = YES;
				ONLY_ACTIVE_ARCH = YES;
				SDKROOT = macosx;
				SWIFT_ACTIVE_COMPILATION_CONDITIONS = "DEBUG $(inherited)";
				SWIFT_OPTIMIZATION_LEVEL = "-Onone";
			};
			name = Debug;
		};
		133C9BBE2EF3510800B9FF85 /* Release */ = {
			isa = XCBuildConfiguration;
			buildSettings = {
				ALWAYS_SEARCH_USER_PATHS = NO;
				ASSETCATALOG_COMPILER_GENERATE_SWIFT_ASSET_SYMBOL_EXTENSIONS = YES;
				CLANG_ANALYZER_NONNULL = YES;
				CLANG_ANALYZER_NUMBER_OBJECT_CONVERSION = YES_AGGRESSIVE;
				CLANG_CXX_LANGUAGE_STANDARD = "gnu++20";
				CLANG_ENABLE_MODULES = YES;
				CLANG_ENABLE_OBJC_ARC = YES;
				CLANG_ENABLE_OBJC_WEAK = YES;
				CLANG_WARN_BLOCK_CAPTURE_AUTORELEASING = YES;
				CLANG_WARN_BOOL_CONVERSION = YES;
				CLANG_WARN_COMMA = YES;
				CLANG_WARN_CONSTANT_CONVERSION = YES;
				CLANG_WARN_DEPRECATED_OBJC_IMPLEMENTATIONS = YES;
				CLANG_WARN_DIRECT_OBJC_ISA_USAGE = YES_ERROR;
				CLANG_WARN_DOCUMENTATION_COMMENTS = YES;
				CLANG_WARN_EMPTY_BODY = YES;
				CLANG_WARN_ENUM_CONVERSION = YES;
				CLANG_WARN_INFINITE_RECURSION = YES;
				CLANG_WARN_INT_CONVERSION = YES;
				CLANG_WARN_NON_LITERAL_NULL_CONVERSION = YES;
				CLANG_WARN_OBJC_IMPLICIT_RETAIN_SELF = YES;
				CLANG_WARN_OBJC_LITERAL_CONVERSION = YES;
				CLANG_WARN_OBJC_ROOT_CLASS = YES_ERROR;
				CLANG_WARN_QUOTED_INCLUDE_IN_FRAMEWORK_HEADER = YES;
				CLANG_WARN_RANGE_LOOP_ANALYSIS = YES;
				CLANG_WARN_STRICT_PROTOTYPES = YES;
				CLANG_WARN_SUSPICIOUS_MOVE = YES;
				CLANG_WARN_UNGUARDED_AVAILABILITY = YES_AGGRESSIVE;
				CLANG_WARN_UNREACHABLE_CODE = YES;
				CLANG_WARN__DUPLICATE_METHOD_MATCH = YES;
				COPY_PHASE_STRIP = NO;
				DEBUG_INFORMATION_FORMAT = "dwarf-with-dsym";
				ENABLE_NS_ASSERTIONS = NO;
				ENABLE_STRICT_OBJC_MSGSEND = YES;
				ENABLE_USER_SCRIPT_SANDBOXING = YES;
				GCC_C_LANGUAGE_STANDARD = gnu17;
				GCC_NO_COMMON_BLOCKS = YES;
				GCC_WARN_64_TO_32_BIT_CONVERSION = YES;
				GCC_WARN_ABOUT_RETURN_TYPE = YES_ERROR;
				GCC_WARN_UNDECLARED_SELECTOR = YES;
				GCC_WARN_UNINITIALIZED_AUTOS = YES_AGGRESSIVE;
				GCC_WARN_UNUSED_FUNCTION = YES;
				GCC_WARN_UNUSED_VARIABLE = YES;
				LOCALIZATION_PREFERS_STRING_CATALOGS = YES;
				MACOSX_DEPLOYMENT_TARGET = 15.5;
				MTL_ENABLE_DEBUG_INFO = NO;
				MTL_FAST_MATH = YES;
				SDKROOT = macosx;
				SWIFT_COMPILATION_MODE = wholemodule;
			};
			name = Release;
		};
		133C9BC02EF3510800B9FF85 /* Debug */ = {
			isa = XCBuildConfiguration;
			buildSettings = {
				ASSETCATALOG_COMPILER_APPICON_NAME = AppIcon;
				ASSETCATALOG_COMPILER_GLOBAL_ACCENT_COLOR_NAME = AccentColor;
				CODE_SIGN_ENTITLEMENTS = AppNetworkMonitor/AppNetworkMonitor.entitlements;
				CODE_SIGN_STYLE = Automatic;
				COMBINE_HIDPI_IMAGES = YES;
				CURRENT_PROJECT_VERSION = 2026042512;
				ENABLE_APP_SANDBOX = NO;
				ENABLE_PREVIEWS = YES;
				GENERATE_INFOPLIST_FILE = YES;
				INFOPLIST_KEY_NSHumanReadableCopyright = "";
				LD_RUNPATH_SEARCH_PATHS = (
					"$(inherited)",
					"@executable_path/../Frameworks",
				);
				MARKETING_VERSION = 4.0.1;
				PRODUCT_BUNDLE_IDENTIFIER = com.christianalexandre.AppNetworkMonitor;
				PRODUCT_NAME = "$(TARGET_NAME)";
				REGISTER_APP_GROUPS = YES;
				SWIFT_EMIT_LOC_STRINGS = YES;
				SWIFT_VERSION = 5.0;
			};
			name = Debug;
		};
		133C9BC12EF3510800B9FF85 /* Release */ = {
			isa = XCBuildConfiguration;
			buildSettings = {
				ASSETCATALOG_COMPILER_APPICON_NAME = AppIcon;
				ASSETCATALOG_COMPILER_GLOBAL_ACCENT_COLOR_NAME = AccentColor;
				CODE_SIGN_ENTITLEMENTS = AppNetworkMonitor/AppNetworkMonitor.entitlements;
				CODE_SIGN_STYLE = Automatic;
				COMBINE_HIDPI_IMAGES = YES;
				CURRENT_PROJECT_VERSION = 2026042512;
				ENABLE_APP_SANDBOX = NO;
				ENABLE_PREVIEWS = YES;
				GENERATE_INFOPLIST_FILE = YES;
				INFOPLIST_KEY_NSHumanReadableCopyright = "";
				LD_RUNPATH_SEARCH_PATHS = (
					"$(inherited)",
					"@executable_path/../Frameworks",
				);
				MARKETING_VERSION = 4.0.1;
				PRODUCT_BUNDLE_IDENTIFIER = com.christianalexandre.AppNetworkMonitor;
				PRODUCT_NAME = "$(TARGET_NAME)";
				REGISTER_APP_GROUPS = YES;
				SWIFT_EMIT_LOC_STRINGS = YES;
				SWIFT_VERSION = 5.0;
			};
			name = Release;
		};
		133C9BC32EF3510800B9FF85 /* Debug */ = {
			isa = XCBuildConfiguration;
			buildSettings = {
				BUNDLE_LOADER = "$(TEST_HOST)";
				CODE_SIGN_STYLE = Automatic;
				CURRENT_PROJECT_VERSION = 1;
				GENERATE_INFOPLIST_FILE = YES;
				MACOSX_DEPLOYMENT_TARGET = 15.5;
				MARKETING_VERSION = 1.0;
				PRODUCT_BUNDLE_IDENTIFIER = com.christianalexandre.AppNetworkMonitorTests;
				PRODUCT_NAME = "$(TARGET_NAME)";
				SWIFT_EMIT_LOC_STRINGS = NO;
				SWIFT_VERSION = 5.0;
				TEST_HOST = "$(BUILT_PRODUCTS_DIR)/AppNetworkMonitor.app/$(BUNDLE_EXECUTABLE_FOLDER_PATH)/AppNetworkMonitor";
			};
			name = Debug;
		};
		133C9BC42EF3510800B9FF85 /* Release */ = {
			isa = XCBuildConfiguration;
			buildSettings = {
				BUNDLE_LOADER = "$(TEST_HOST)";
				CODE_SIGN_STYLE = Automatic;
				CURRENT_PROJECT_VERSION = 1;
				GENERATE_INFOPLIST_FILE = YES;
				MACOSX_DEPLOYMENT_TARGET = 15.5;
				MARKETING_VERSION = 1.0;
				PRODUCT_BUNDLE_IDENTIFIER = com.christianalexandre.AppNetworkMonitorTests;
				PRODUCT_NAME = "$(TARGET_NAME)";
				SWIFT_EMIT_LOC_STRINGS = NO;
				SWIFT_VERSION = 5.0;
				TEST_HOST = "$(BUILT_PRODUCTS_DIR)/AppNetworkMonitor.app/$(BUNDLE_EXECUTABLE_FOLDER_PATH)/AppNetworkMonitor";
			};
			name = Release;
		};
		133C9BC62EF3510800B9FF85 /* Debug */ = {
			isa = XCBuildConfiguration;
			buildSettings = {
				CODE_SIGN_STYLE = Automatic;
				CURRENT_PROJECT_VERSION = 1;
				GENERATE_INFOPLIST_FILE = YES;
				MARKETING_VERSION = 1.0;
				PRODUCT_BUNDLE_IDENTIFIER = com.christianalexandre.AppNetworkMonitorUITests;
				PRODUCT_NAME = "$(TARGET_NAME)";
				SWIFT_EMIT_LOC_STRINGS = NO;
				SWIFT_VERSION = 5.0;
				TEST_TARGET_NAME = AppNetworkMonitor;
			};
			name = Debug;
		};
		133C9BC72EF3510800B9FF85 /* Release */ = {
			isa = XCBuildConfiguration;
			buildSettings = {
				CODE_SIGN_STYLE = Automatic;
				CURRENT_PROJECT_VERSION = 1;
				GENERATE_INFOPLIST_FILE = YES;
				MARKETING_VERSION = 1.0;
				PRODUCT_BUNDLE_IDENTIFIER = com.christianalexandre.AppNetworkMonitorUITests;
				PRODUCT_NAME = "$(TARGET_NAME)";
				SWIFT_EMIT_LOC_STRINGS = NO;
				SWIFT_VERSION = 5.0;
				TEST_TARGET_NAME = AppNetworkMonitor;
			};
			name = Release;
		};
/* End XCBuildConfiguration section */

/* Begin XCConfigurationList section */
		133C9B982EF3510700B9FF85 /* Build configuration list for PBXProject "AppNetworkMonitor" */ = {
			isa = XCConfigurationList;
			buildConfigurations = (
				133C9BBD2EF3510800B9FF85 /* Debug */,
				133C9BBE2EF3510800B9FF85 /* Release */,
			);
			defaultConfigurationIsVisible = 0;
			defaultConfigurationName = Release;
		};
		133C9BBF2EF3510800B9FF85 /* Build configuration list for PBXNativeTarget "AppNetworkMonitor" */ = {
			isa = XCConfigurationList;
			buildConfigurations = (
				133C9BC02EF3510800B9FF85 /* Debug */,
				133C9BC12EF3510800B9FF85 /* Release */,
			);
			defaultConfigurationIsVisible = 0;
			defaultConfigurationName = Release;
		};
		133C9BC22EF3510800B9FF85 /* Build configuration list for PBXNativeTarget "AppNetworkMonitorTests" */ = {
			isa = XCConfigurationList;
			buildConfigurations = (
				133C9BC32EF3510800B9FF85 /* Debug */,
				133C9BC42EF3510800B9FF85 /* Release */,
			);
			defaultConfigurationIsVisible = 0;
			defaultConfigurationName = Release;
		};
		133C9BC52EF3510800B9FF85 /* Build configuration list for PBXNativeTarget "AppNetworkMonitorUITests" */ = {
			isa = XCConfigurationList;
			buildConfigurations = (
				133C9BC62EF3510800B9FF85 /* Debug */,
				133C9BC72EF3510800B9FF85 /* Release */,
			);
			defaultConfigurationIsVisible = 0;
			defaultConfigurationName = Release;
		};
/* End XCConfigurationList section */
	};
	rootObject = 133C9B952EF3510700B9FF85 /* Project object */;
}
